
Microsoft Visual Studio Solution File, Format Version 12.00
# Visual Studio Version 17
VisualStudioVersion = 17.4.33213.308
MinimumVisualStudioVersion = 10.0.40219.1
Project("{FAE04EC0-301F-11D3-BF4B-00C04F79EFBC}") = "ConsoleApp4", "ConsoleApp4.csproj", "{A97719AE-605F-474F-B0A9-9995225761FF}"
EndProject
Global
	GlobalSection(SolutionConfigurationPlatforms) = preSolution
		Debug|Any CPU = Debug|Any CPU
		Release|Any CPU = Release|Any CPU
	EndGlobalSection
	GlobalSection(ProjectConfigurationPlatforms) = postSolution
		{A97719AE-605F-474F-B0A9-9995225761FF}.Debug|Any CPU.ActiveCfg = Debug|Any CPU
		{A97719AE-605F-474F-B0A9-9995225761FF}.Debug|Any CPU.Build.0 = Debug|Any CPU
		{A97719AE-605F-474F-B0A9-9995225761FF}.Release|Any CPU.ActiveCfg = Release|Any CPU
		{A97719AE-605F-474F-B0A9-9995225761FF}.Release|Any CPU.Build.0 = Release|Any CPU
	EndGlobalSection
	GlobalSection(SolutionProperties) = preSolution
		HideSolutionNode = FALSE
	EndGlobalSection
	GlobalSection(ExtensibilityGlobals) = postSolution
		SolutionGuid = {34A7FD95-FB6D-4868-BC0C-A1EC6C80AE07}
	EndGlobalSection
EndGlobal
